
Microsoft Visual Studio Solution File, Format Version 12.00
# Visual Studio Version 17
VisualStudioVersion = 17.0.31903.59
MinimumVisualStudioVersion = 10.0.40219.1
Project("{2150E333-8FDC-42A3-9474-1A3956D46DE8}") = "src", "src", "{48DAB875-E0A8-4BF4-9AE0-0384968A174B}"
EndProject
Project("{FAE04EC0-301F-11D3-BF4B-00C04F79EFBC}") = "TradingAlpha.App", "TradingAlpha.App\TradingAlpha.App.csproj", "{2E7F697D-FBB8-4B29-81B3-70813B272995}"
EndProject
Project("{2150E333-8FDC-42A3-9474-1A3956D46DE8}") = "tests", "tests", "{B7104760-B481-45E9-88EA-24457A601C25}"
EndProject
Global
	GlobalSection(SolutionConfigurationPlatforms) = preSolution
		Debug|Any CPU = Debug|Any CPU
		Release|Any CPU = Release|Any CPU
	EndGlobalSection
	GlobalSection(SolutionProperties) = preSolution
		HideSolutionNode = FALSE
	EndGlobalSection
	GlobalSection(NestedProjects) = preSolution
		{2E7F697D-FBB8-4B29-81B3-70813B272995} = {48DAB875-E0A8-4BF4-9AE0-0384968A174B}
	EndGlobalSection
	GlobalSection(ProjectConfigurationPlatforms) = postSolution
		{2E7F697D-FBB8-4B29-81B3-70813B272995}.Debug|Any CPU.ActiveCfg = Debug|Any CPU
		{2E7F697D-FBB8-4B29-81B3-70813B272995}.Debug|Any CPU.Build.0 = Debug|Any CPU
		{2E7F697D-FBB8-4B29-81B3-70813B272995}.Release|Any CPU.ActiveCfg = Release|Any CPU
		{2E7F697D-FBB8-4B29-81B3-70813B272995}.Release|Any CPU.Build.0 = Release|Any CPU
	EndGlobalSection
EndGlobal
